
Microsoft Visual Studio Solution File, Format Version 12.00
# Visual Studio Version 16
VisualStudioVersion = 16.0.31019.35
MinimumVisualStudioVersion = 10.0.40219.1
Project("{FAE04EC0-301F-11D3-BF4B-00C04F79EFBC}") = "AuctioningApp.Domain", "AuctioningApp.Domain\AuctioningApp.Domain.csproj", "{BAEFB79C-42B3-4E3D-A8E0-096766DC856C}"
EndProject
Project("{FAE04EC0-301F-11D3-BF4B-00C04F79EFBC}") = "AuctioningApp.Infrastructure", "AuctioningApp.Infrastructure\AuctioningApp.Infrastructure.csproj", "{ED0164A3-43EA-48B2-88FF-DD60CDC5798D}"
EndProject
Project("{FAE04EC0-301F-11D3-BF4B-00C04F79EFBC}") = "AuctioningApp.API", "AuctioningApp.API\AuctioningApp.API.csproj", "{0BEC706B-8677-4B28-9A25-305364412E70}"
EndProject
Global
	GlobalSection(SolutionConfigurationPlatforms) = preSolution
		Debug|Any CPU = Debug|Any CPU
		Release|Any CPU = Release|Any CPU
	EndGlobalSection
	GlobalSection(ProjectConfigurationPlatforms) = postSolution
		{BAEFB79C-42B3-4E3D-A8E0-096766DC856C}.Debug|Any CPU.ActiveCfg = Debug|Any CPU
		{BAEFB79C-42B3-4E3D-A8E0-096766DC856C}.Debug|Any CPU.Build.0 = Debug|Any CPU
		{BAEFB79C-42B3-4E3D-A8E0-096766DC856C}.Release|Any CPU.ActiveCfg = Release|Any CPU
		{BAEFB79C-42B3-4E3D-A8E0-096766DC856C}.Release|Any CPU.Build.0 = Release|Any CPU
		{ED0164A3-43EA-48B2-88FF-DD60CDC5798D}.Debug|Any CPU.ActiveCfg = Debug|Any CPU
		{ED0164A3-43EA-48B2-88FF-DD60CDC5798D}.Debug|Any CPU.Build.0 = Debug|Any CPU
		{ED0164A3-43EA-48B2-88FF-DD60CDC5798D}.Release|Any CPU.ActiveCfg = Release|Any CPU
		{ED0164A3-43EA-48B2-88FF-DD60CDC5798D}.Release|Any CPU.Build.0 = Release|Any CPU
		{0BEC706B-8677-4B28-9A25-305364412E70}.Debug|Any CPU.ActiveCfg = Debug|Any CPU
		{0BEC706B-8677-4B28-9A25-305364412E70}.Debug|Any CPU.Build.0 = Debug|Any CPU
		{0BEC706B-8677-4B28-9A25-305364412E70}.Release|Any CPU.ActiveCfg = Release|Any CPU
		{0BEC706B-8677-4B28-9A25-305364412E70}.Release|Any CPU.Build.0 = Release|Any CPU
	EndGlobalSection
	GlobalSection(SolutionProperties) = preSolution
		HideSolutionNode = FALSE
	EndGlobalSection
	GlobalSection(ExtensibilityGlobals) = postSolution
		SolutionGuid = {145679F8-7700-4AF9-96B4-AFDF66235A31}
	EndGlobalSection
EndGlobal
